
Microsoft Visual Studio Solution File, Format Version 12.00
# Visual Studio Version 16
VisualStudioVersion = 16.0.31112.23
MinimumVisualStudioVersion = 10.0.40219.1
Project("{9A19103F-16F7-4668-BE54-9A1E7A4F7556}") = "PTK-PSD-Browser", "PTK-PSD-Browser.WPF\PTK-PSD-Browser.csproj", "{899BE7FD-7C2F-4D6F-971A-9F74FC64E09E}"
EndProject
Global
	GlobalSection(SolutionConfigurationPlatforms) = preSolution
		Debug|Any CPU = Debug|Any CPU
		Release|Any CPU = Release|Any CPU
	EndGlobalSection
	GlobalSection(ProjectConfigurationPlatforms) = postSolution
		{899BE7FD-7C2F-4D6F-971A-9F74FC64E09E}.Debug|Any CPU.ActiveCfg = Debug|Any CPU
		{899BE7FD-7C2F-4D6F-971A-9F74FC64E09E}.Debug|Any CPU.Build.0 = Debug|Any CPU
		{899BE7FD-7C2F-4D6F-971A-9F74FC64E09E}.Release|Any CPU.ActiveCfg = Release|Any CPU
		{899BE7FD-7C2F-4D6F-971A-9F74FC64E09E}.Release|Any CPU.Build.0 = Release|Any CPU
	EndGlobalSection
	GlobalSection(SolutionProperties) = preSolution
		HideSolutionNode = FALSE
	EndGlobalSection
	GlobalSection(ExtensibilityGlobals) = postSolution
		SolutionGuid = {35263A56-6130-4FFA-BD05-86A93F1768EB}
	EndGlobalSection
EndGlobal
